// !$*UTF8*$!
{
	archiveVersion = 1;
	classes = {
	};
	objectVersion = 50;
	objects = {

/* Begin PBXBuildFile section */
		06FF1D2F25F4F92400E07C58 /* AppDelegate.swift in Sources */ = {isa = PBXBuildFile; fileRef = 06FF1D2E25F4F92400E07C58 /* AppDelegate.swift */; };
		06FF1D3125F4F92400E07C58 /* SceneDelegate.swift in Sources */ = {isa = PBXBuildFile; fileRef = 06FF1D3025F4F92400E07C58 /* SceneDelegate.swift */; };
		06FF1D3325F4F92400E07C58 /* ViewControllerA.swift in Sources */ = {isa = PBXBuildFile; fileRef = 06FF1D3225F4F92400E07C58 /* ViewControllerA.swift */; };
		06FF1D3625F4F92400E07C58 /* Main.storyboard in Resources */ = {isa = PBXBuildFile; fileRef = 06FF1D3425F4F92400E07C58 /* Main.storyboard */; };
		06FF1D3925F4F92400E07C58 /* DelegateExample.xcdatamodeld in Sources */ = {isa = PBXBuildFile; fileRef = 06FF1D3725F4F92400E07C58 /* DelegateExample.xcdatamodeld */; };
		06FF1D3B25F4F92700E07C58 /* Assets.xcassets in Resources */ = {isa = PBXBuildFile; fileRef = 06FF1D3A25F4F92700E07C58 /* Assets.xcassets */; };
		06FF1D3E25F4F92700E07C58 /* LaunchScreen.storyboard in Resources */ = {isa = PBXBuildFile; fileRef = 06FF1D3C25F4F92700E07C58 /* LaunchScreen.storyboard */; };
		06FF1D4925F4F92700E07C58 /* DelegateExampleTests.swift in Sources */ = {isa = PBXBuildFile; fileRef = 06FF1D4825F4F92700E07C58 /* DelegateExampleTests.swift */; };
		06FF1D5425F4F92700E07C58 /* DelegateExampleUITests.swift in Sources */ = {isa = PBXBuildFile; fileRef = 06FF1D5325F4F92700E07C58 /* DelegateExampleUITests.swift */; };
		06FF1D6525F4FC2F00E07C58 /* ViewControllerB.swift in Sources */ = {isa = PBXBuildFile; fileRef = 06FF1D6425F4FC2F00E07C58 /* ViewControllerB.swift */; };
/* End PBXBuildFile section */

/* Begin PBXContainerItemProxy section */
		06FF1D4525F4F92700E07C58 /* PBXContainerItemProxy */ = {
			isa = PBXContainerItemProxy;
			containerPortal = 06FF1D2325F4F92400E07C58 /* Project object */;
			proxyType = 1;
			remoteGlobalIDString = 06FF1D2A25F4F92400E07C58;
			remoteInfo = DelegateExample;
		};
		06FF1D5025F4F92700E07C58 /* PBXContainerItemProxy */ = {
			isa = PBXContainerItemProxy;
			containerPortal = 06FF1D2325F4F92400E07C58 /* Project object */;
			proxyType = 1;
			remoteGlobalIDString = 06FF1D2A25F4F92400E07C58;
			remoteInfo = DelegateExample;
		};
/* End PBXContainerItemProxy section */

/* Begin PBXFileReference section */
		06FF1D2B25F4F92400E07C58 /* DelegateExample.app */ = {isa = PBXFileReference; explicitFileType = wrapper.application; includeInIndex = 0; path = DelegateExample.app; sourceTree = BUILT_PRODUCTS_DIR; };
		06FF1D2E25F4F92400E07C58 /* AppDelegate.swift */ = {isa = PBXFileReference; lastKnownFileType = sourcecode.swift; path = AppDelegate.swift; sourceTree = "<group>"; };
		06FF1D3025F4F92400E07C58 /* SceneDelegate.swift */ = {isa = PBXFileReference; lastKnownFileType = sourcecode.swift; path = SceneDelegate.swift; sourceTree = "<group>"; };
		06FF1D3225F4F92400E07C58 /* ViewControllerA.swift */ = {isa = PBXFileReference; lastKnownFileType = sourcecode.swift; path = ViewControllerA.swift; sourceTree = "<group>"; };
		06FF1D3525F4F92400E07C58 /* Base */ = {isa = PBXFileReference; lastKnownFileType = file.storyboard; name = Base; path = Base.lproj/Main.storyboard; sourceTree = "<group>"; };
		06FF1D3825F4F92400E07C58 /* DelegateExample.xcdatamodel */ = {isa = PBXFileReference; lastKnownFileType = wrapper.xcdatamodel; path = DelegateExample.xcdatamodel; sourceTree = "<group>"; };
		06FF1D3A25F4F92700E07C58 /* Assets.xcassets */ = {isa = PBXFileReference; lastKnownFileType = folder.assetcatalog; path = Assets.xcassets; sourceTree = "<group>"; };
		06FF1D3D25F4F92700E07C58 /* Base */ = {isa = PBXFileReference; lastKnownFileType = file.storyboard; name = Base; path = Base.lproj/LaunchScreen.storyboard; sourceTree = "<group>"; };
		06FF1D3F25F4F92700E07C58 /* Info.plist */ = {isa = PBXFileReference; lastKnownFileType = text.plist.xml; path = Info.plist; sourceTree = "<group>"; };
		06FF1D4425F4F92700E07C58 /* DelegateExampleTests.xctest */ = {isa = PBXFileReference; explicitFileType = wrapper.cfbundle; includeInIndex = 0; path = DelegateExampleTests.xctest; sourceTree = BUILT_PRODUCTS_DIR; };
		06FF1D4825F4F92700E07C58 /* DelegateExampleTests.swift */ = {isa = PBXFileReference; lastKnownFileType = sourcecode.swift; path = DelegateExampleTests.swift; sourceTree = "<group>"; };
		06FF1D4A25F4F92700E07C58 /* Info.plist */ = {isa = PBXFileReference; lastKnownFileType = text.plist.xml; path = Info.plist; sourceTree = "<group>"; };
		06FF1D4F25F4F92700E07C58 /* DelegateExampleUITests.xctest */ = {isa = PBXFileReference; explicitFileType = wrapper.cfbundle; includeInIndex = 0; path = DelegateExampleUITests.xctest; sourceTree = BUILT_PRODUCTS_DIR; };
		06FF1D5325F4F92700E07C58 /* DelegateExampleUITests.swift */ = {isa = PBXFileReference; lastKnownFileType = sourcecode.swift; path = DelegateExampleUITests.swift; sourceTree = "<group>"; };
		06FF1D5525F4F92700E07C58 /* Info.plist */ = {isa = PBXFileReference; lastKnownFileType = text.plist.xml; path = Info.plist; sourceTree = "<group>"; };
		06FF1D6425F4FC2F00E07C58 /* ViewControllerB.swift */ = {isa = PBXFileReference; lastKnownFileType = sourcecode.swift; path = ViewControllerB.swift; sourceTree = "<group>"; };
/* End PBXFileReference section */

/* Begin PBXFrameworksBuildPhase section */
		06FF1D2825F4F92400E07C58 /* Frameworks */ = {
			isa = PBXFrameworksBuildPhase;
			buildActionMask = 2147483647;
			files = (
			);
			runOnlyForDeploymentPostprocessing = 0;
		};
		06FF1D4125F4F92700E07C58 /* Frameworks */ = {
			isa = PBXFrameworksBuildPhase;
			buildActionMask = 2147483647;
			files = (
			);
			runOnlyForDeploymentPostprocessing = 0;
		};
		06FF1D4C25F4F92700E07C58 /* Frameworks */ = {
			isa = PBXFrameworksBuildPhase;
			buildActionMask = 2147483647;
			files = (
			);
			runOnlyForDeploymentPostprocessing = 0;
		};
/* End PBXFrameworksBuildPhase section */

/* Begin PBXGroup section */
		06FF1D2225F4F92400E07C58 = {
			isa = PBXGroup;
			children = (
				06FF1D2D25F4F92400E07C58 /* DelegateExample */,
				06FF1D4725F4F92700E07C58 /* DelegateExampleTests */,
				06FF1D5225F4F92700E07C58 /* DelegateExampleUITests */,
				06FF1D2C25F4F92400E07C58 /* Products */,
			);
			sourceTree = "<group>";
		};
		06FF1D2C25F4F92400E07C58 /* Products */ = {
			isa = PBXGroup;
			children = (
				06FF1D2B25F4F92400E07C58 /* DelegateExample.app */,
				06FF1D4425F4F92700E07C58 /* DelegateExampleTests.xctest */,
				06FF1D4F25F4F92700E07C58 /* DelegateExampleUITests.xctest */,
			);
			name = Products;
			sourceTree = "<group>";
		};
		06FF1D2D25F4F92400E07C58 /* DelegateExample */ = {
			isa = PBXGroup;
			children = (
				06FF1D2E25F4F92400E07C58 /* AppDelegate.swift */,
				06FF1D3025F4F92400E07C58 /* SceneDelegate.swift */,
				06FF1D3225F4F92400E07C58 /* ViewControllerA.swift */,
				06FF1D6425F4FC2F00E07C58 /* ViewControllerB.swift */,
				06FF1D3425F4F92400E07C58 /* Main.storyboard */,
				06FF1D3A25F4F92700E07C58 /* Assets.xcassets */,
				06FF1D3C25F4F92700E07C58 /* LaunchScreen.storyboard */,
				06FF1D3F25F4F92700E07C58 /* Info.plist */,
				06FF1D3725F4F92400E07C58 /* DelegateExample.xcdatamodeld */,
			);
			path = DelegateExample;
			sourceTree = "<group>";
		};
		06FF1D4725F4F92700E07C58 /* DelegateExampleTests */ = {
			isa = PBXGroup;
			children = (
				06FF1D4825F4F92700E07C58 /* DelegateExampleTests.swift */,
				06FF1D4A25F4F92700E07C58 /* Info.plist */,
			);
			path = DelegateExampleTests;
			sourceTree = "<group>";
		};
		06FF1D5225F4F92700E07C58 /* DelegateExampleUITests */ = {
			isa = PBXGroup;
			children = (
				06FF1D5325F4F92700E07C58 /* DelegateExampleUITests.swift */,
				06FF1D5525F4F92700E07C58 /* Info.plist */,
			);
			path = DelegateExampleUITests;
			sourceTree = "<group>";
		};
/* End PBXGroup section */

/* Begin PBXNativeTarget section */
		06FF1D2A25F4F92400E07C58 /* DelegateExample */ = {
			isa = PBXNativeTarget;
			buildConfigurationList = 06FF1D5825F4F92700E07C58 /* Build configuration list for PBXNativeTarget "DelegateExample" */;
			buildPhases = (
				06FF1D2725F4F92400E07C58 /* Sources */,
				06FF1D2825F4F92400E07C58 /* Frameworks */,
				06FF1D2925F4F92400E07C58 /* Resources */,
			);
			buildRules = (
			);
			dependencies = (
			);
			name = DelegateExample;
			productName = DelegateExample;
			productReference = 06FF1D2B25F4F92400E07C58 /* DelegateExample.app */;
			productType = "com.apple.product-type.application";
		};
		06FF1D4325F4F92700E07C58 /* DelegateExampleTests */ = {
			isa = PBXNativeTarget;
			buildConfigurationList = 06FF1D5B25F4F92700E07C58 /* Build configuration list for PBXNativeTarget "DelegateExampleTests" */;
			buildPhases = (
				06FF1D4025F4F92700E07C58 /* Sources */,
				06FF1D4125F4F92700E07C58 /* Frameworks */,
				06FF1D4225F4F92700E07C58 /* Resources */,
			);
			buildRules = (
			);
			dependencies = (
				06FF1D4625F4F92700E07C58 /* PBXTargetDependency */,
			);
			name = DelegateExampleTests;
			productName = DelegateExampleTests;
			productReference = 06FF1D4425F4F92700E07C58 /* DelegateExampleTests.xctest */;
			productType = "com.apple.product-type.bundle.unit-test";
		};
		06FF1D4E25F4F92700E07C58 /* DelegateExampleUITests */ = {
			isa = PBXNativeTarget;
			buildConfigurationList = 06FF1D5E25F4F92700E07C58 /* Build configuration list for PBXNativeTarget "DelegateExampleUITests" */;
			buildPhases = (
				06FF1D4B25F4F92700E07C58 /* Sources */,
				06FF1D4C25F4F92700E07C58 /* Frameworks */,
				06FF1D4D25F4F92700E07C58 /* Resources */,
			);
			buildRules = (
			);
			dependencies = (
				06FF1D5125F4F92700E07C58 /* PBXTargetDependency */,
			);
			name = DelegateExampleUITests;
			productName = DelegateExampleUITests;
			productReference = 06FF1D4F25F4F92700E07C58 /* DelegateExampleUITests.xctest */;
			productType = "com.apple.product-type.bundle.ui-testing";
		};
/* End PBXNativeTarget section */

/* Begin PBXProject section */
		06FF1D2325F4F92400E07C58 /* Project object */ = {
			isa = PBXProject;
			attributes = {
				LastSwiftUpdateCheck = 1230;
				LastUpgradeCheck = 1230;
				TargetAttributes = {
					06FF1D2A25F4F92400E07C58 = {
						CreatedOnToolsVersion = 12.3;
					};
					06FF1D4325F4F92700E07C58 = {
						CreatedOnToolsVersion = 12.3;
						TestTargetID = 06FF1D2A25F4F92400E07C58;
					};
					06FF1D4E25F4F92700E07C58 = {
						CreatedOnToolsVersion = 12.3;
						TestTargetID = 06FF1D2A25F4F92400E07C58;
					};
				};
			};
			buildConfigurationList = 06FF1D2625F4F92400E07C58 /* Build configuration list for PBXProject "DelegateExample" */;
			compatibilityVersion = "Xcode 9.3";
			developmentRegion = en;
			hasScannedForEncodings = 0;
			knownRegions = (
				en,
				Base,
			);
			mainGroup = 06FF1D2225F4F92400E07C58;
			productRefGroup = 06FF1D2C25F4F92400E07C58 /* Products */;
			projectDirPath = "";
			projectRoot = "";
			targets = (
				06FF1D2A25F4F92400E07C58 /* DelegateExample */,
				06FF1D4325F4F92700E07C58 /* DelegateExampleTests */,
				06FF1D4E25F4F92700E07C58 /* DelegateExampleUITests */,
			);
		};
/* End PBXProject section */

/* Begin PBXResourcesBuildPhase section */
		06FF1D2925F4F92400E07C58 /* Resources */ = {
			isa = PBXResourcesBuildPhase;
			buildActionMask = 2147483647;
			files = (
				06FF1D3E25F4F92700E07C58 /* LaunchScreen.storyboard in Resources */,
				06FF1D3B25F4F92700E07C58 /* Assets.xcassets in Resources */,
				06FF1D3625F4F92400E07C58 /* Main.storyboard in Resources */,
			);
			runOnlyForDeploymentPostprocessing = 0;
		};
		06FF1D4225F4F92700E07C58 /* Resources */ = {
			isa = PBXResourcesBuildPhase;
			buildActionMask = 2147483647;
			files = (
			);
			runOnlyForDeploymentPostprocessing = 0;
		};
		06FF1D4D25F4F92700E07C58 /* Resources */ = {
			isa = PBXResourcesBuildPhase;
			buildActionMask = 2147483647;
			files = (
			);
			runOnlyForDeploymentPostprocessing = 0;
		};
/* End PBXResourcesBuildPhase section */

/* Begin PBXSourcesBuildPhase section */
		06FF1D2725F4F92400E07C58 /* Sources */ = {
			isa = PBXSourcesBuildPhase;
			buildActionMask = 2147483647;
			files = (
				06FF1D3325F4F92400E07C58 /* ViewControllerA.swift in Sources */,
				06FF1D2F25F4F92400E07C58 /* AppDelegate.swift in Sources */,
				06FF1D3125F4F92400E07C58 /* SceneDelegate.swift in Sources */,
				06FF1D6525F4FC2F00E07C58 /* ViewControllerB.swift in Sources */,
				06FF1D3925F4F92400E07C58 /* DelegateExample.xcdatamodeld in Sources */,
			);
			runOnlyForDeploymentPostprocessing = 0;
		};
		06FF1D4025F4F92700E07C58 /* Sources */ = {
			isa = PBXSourcesBuildPhase;
			buildActionMask = 2147483647;
			files = (
				06FF1D4925F4F92700E07C58 /* DelegateExampleTests.swift in Sources */,
			);
			runOnlyForDeploymentPostprocessing = 0;
		};
		06FF1D4B25F4F92700E07C58 /* Sources */ = {
			isa = PBXSourcesBuildPhase;
			buildActionMask = 2147483647;
			files = (
				06FF1D5425F4F92700E07C58 /* DelegateExampleUITests.swift in Sources */,
			);
			runOnlyForDeploymentPostprocessing = 0;
		};
/* End PBXSourcesBuildPhase section */

/* Begin PBXTargetDependency section */
		06FF1D4625F4F92700E07C58 /* PBXTargetDependency */ = {
			isa = PBXTargetDependency;
			target = 06FF1D2A25F4F92400E07C58 /* DelegateExample */;
			targetProxy = 06FF1D4525F4F92700E07C58 /* PBXContainerItemProxy */;
		};
		06FF1D5125F4F92700E07C58 /* PBXTargetDependency */ = {
			isa = PBXTargetDependency;
			target = 06FF1D2A25F4F92400E07C58 /* DelegateExample */;
			targetProxy = 06FF1D5025F4F92700E07C58 /* PBXContainerItemProxy */;
		};
/* End PBXTargetDependency section */

/* Begin PBXVariantGroup section */
		06FF1D3425F4F92400E07C58 /* Main.storyboard */ = {
			isa = PBXVariantGroup;
			children = (
				06FF1D3525F4F92400E07C58 /* Base */,
			);
			name = Main.storyboard;
			sourceTree = "<group>";
		};
		06FF1D3C25F4F92700E07C58 /* LaunchScreen.storyboard */ = {
			isa = PBXVariantGroup;
			children = (
				06FF1D3D25F4F92700E07C58 /* Base */,
			);
			name = LaunchScreen.storyboard;
			sourceTree = "<group>";
		};
/* End PBXVariantGroup section */

/* Begin XCBuildConfiguration section */
		06FF1D5625F4F92700E07C58 /* Debug */ = {
			isa = XCBuildConfiguration;
			buildSettings = {
				ALWAYS_SEARCH_USER_PATHS = NO;
				CLANG_ANALYZER_NONNULL = YES;
				CLANG_ANALYZER_NUMBER_OBJECT_CONVERSION = YES_AGGRESSIVE;
				CLANG_CXX_LANGUAGE_STANDARD = "gnu++14";
				CLANG_CXX_LIBRARY = "libc++";
				CLANG_ENABLE_MODULES = YES;
				CLANG_ENABLE_OBJC_ARC = YES;
				CLANG_ENABLE_OBJC_WEAK = YES;
				CLANG_WARN_BLOCK_CAPTURE_AUTORELEASING = YES;
				CLANG_WARN_BOOL_CONVERSION = YES;
				CLANG_WARN_COMMA = YES;
				CLANG_WARN_CONSTANT_CONVERSION = YES;
				CLANG_WARN_DEPRECATED_OBJC_IMPLEMENTATIONS = YES;
				CLANG_WARN_DIRECT_OBJC_ISA_USAGE = YES_ERROR;
				CLANG_WARN_DOCUMENTATION_COMMENTS = YES;
				CLANG_WARN_EMPTY_BODY = YES;
				CLANG_WARN_ENUM_CONVERSION = YES;
				CLANG_WARN_INFINITE_RECURSION = YES;
				CLANG_WARN_INT_CONVERSION = YES;
				CLANG_WARN_NON_LITERAL_NULL_CONVERSION = YES;
				CLANG_WARN_OBJC_IMPLICIT_RETAIN_SELF = YES;
				CLANG_WARN_OBJC_LITERAL_CONVERSION = YES;
				CLANG_WARN_OBJC_ROOT_CLASS = YES_ERROR;
				CLANG_WARN_QUOTED_INCLUDE_IN_FRAMEWORK_HEADER = YES;
				CLANG_WARN_RANGE_LOOP_ANALYSIS = YES;
				CLANG_WARN_STRICT_PROTOTYPES = YES;
				CLANG_WARN_SUSPICIOUS_MOVE = YES;
				CLANG_WARN_UNGUARDED_AVAILABILITY = YES_AGGRESSIVE;
				CLANG_WARN_UNREACHABLE_CODE = YES;
				CLANG_WARN__DUPLICATE_METHOD_MATCH = YES;
				COPY_PHASE_STRIP = NO;
				DEBUG_INFORMATION_FORMAT = dwarf;
				ENABLE_STRICT_OBJC_MSGSEND = YES;
				ENABLE_TESTABILITY = YES;
				GCC_C_LANGUAGE_STANDARD = gnu11;
				GCC_DYNAMIC_NO_PIC = NO;
				GCC_NO_COMMON_BLOCKS = YES;
				GCC_OPTIMIZATION_LEVEL = 0;
				GCC_PREPROCESSOR_DEFINITIONS = (
					"DEBUG=1",
					"$(inherited)",
				);
				GCC_WARN_64_TO_32_BIT_CONVERSION = YES;
				GCC_WARN_ABOUT_RETURN_TYPE = YES_ERROR;
				GCC_WARN_UNDECLARED_SELECTOR = YES;
				GCC_WARN_UNINITIALIZED_AUTOS = YES_AGGRESSIVE;
				GCC_WARN_UNUSED_FUNCTION = YES;
				GCC_WARN_UNUSED_VARIABLE = YES;
				IPHONEOS_DEPLOYMENT_TARGET = 14.3;
				MTL_ENABLE_DEBUG_INFO = INCLUDE_SOURCE;
				MTL_FAST_MATH = YES;
				ONLY_ACTIVE_ARCH = YES;
				SDKROOT = iphoneos;
				SWIFT_ACTIVE_COMPILATION_CONDITIONS = DEBUG;
				SWIFT_OPTIMIZATION_LEVEL = "-Onone";
			};
			name = Debug;
		};
		06FF1D5725F4F92700E07C58 /* Release */ = {
			isa = XCBuildConfiguration;
			buildSettings = {
				ALWAYS_SEARCH_USER_PATHS = NO;
				CLANG_ANALYZER_NONNULL = YES;
				CLANG_ANALYZER_NUMBER_OBJECT_CONVERSION = YES_AGGRESSIVE;
				CLANG_CXX_LANGUAGE_STANDARD = "gnu++14";
				CLANG_CXX_LIBRARY = "libc++";
				CLANG_ENABLE_MODULES = YES;
				CLANG_ENABLE_OBJC_ARC = YES;
				CLANG_ENABLE_OBJC_WEAK = YES;
				CLANG_WARN_BLOCK_CAPTURE_AUTORELEASING = YES;
				CLANG_WARN_BOOL_CONVERSION = YES;
				CLANG_WARN_COMMA = YES;
				CLANG_WARN_CONSTANT_CONVERSION = YES;
				CLANG_WARN_DEPRECATED_OBJC_IMPLEMENTATIONS = YES;
				CLANG_WARN_DIRECT_OBJC_ISA_USAGE = YES_ERROR;
				CLANG_WARN_DOCUMENTATION_COMMENTS = YES;
				CLANG_WARN_EMPTY_BODY = YES;
				CLANG_WARN_ENUM_CONVERSION = YES;
				CLANG_WARN_INFINITE_RECURSION = YES;
				CLANG_WARN_INT_CONVERSION = YES;
				CLANG_WARN_NON_LITERAL_NULL_CONVERSION = YES;
				CLANG_WARN_OBJC_IMPLICIT_RETAIN_SELF = YES;
				CLANG_WARN_OBJC_LITERAL_CONVERSION = YES;
				CLANG_WARN_OBJC_ROOT_CLASS = YES_ERROR;
				CLANG_WARN_QUOTED_INCLUDE_IN_FRAMEWORK_HEADER = YES;
				CLANG_WARN_RANGE_LOOP_ANALYSIS = YES;
				CLANG_WARN_STRICT_PROTOTYPES = YES;
				CLANG_WARN_SUSPICIOUS_MOVE = YES;
				CLANG_WARN_UNGUARDED_AVAILABILITY = YES_AGGRESSIVE;
				CLANG_WARN_UNREACHABLE_CODE = YES;
				CLANG_WARN__DUPLICATE_METHOD_MATCH = YES;
				COPY_PHASE_STRIP = NO;
				DEBUG_INFORMATION_FORMAT = "dwarf-with-dsym";
				ENABLE_NS_ASSERTIONS = NO;
				ENABLE_STRICT_OBJC_MSGSEND = YES;
				GCC_C_LANGUAGE_STANDARD = gnu11;
				GCC_NO_COMMON_BLOCKS = YES;
				GCC_WARN_64_TO_32_BIT_CONVERSION = YES;
				GCC_WARN_ABOUT_RETURN_TYPE = YES_ERROR;
				GCC_WARN_UNDECLARED_SELECTOR = YES;
				GCC_WARN_UNINITIALIZED_AUTOS = YES_AGGRESSIVE;
				GCC_WARN_UNUSED_FUNCTION = YES;
				GCC_WARN_UNUSED_VARIABLE = YES;
				IPHONEOS_DEPLOYMENT_TARGET = 14.3;
				MTL_ENABLE_DEBUG_INFO = NO;
				MTL_FAST_MATH = YES;
				SDKROOT = iphoneos;
				SWIFT_COMPILATION_MODE = wholemodule;
				SWIFT_OPTIMIZATION_LEVEL = "-O";
				VALIDATE_PRODUCT = YES;
			};
			name = Release;
		};
		06FF1D5925F4F92700E07C58 /* Debug */ = {
			isa = XCBuildConfiguration;
			buildSettings = {
				ASSETCATALOG_COMPILER_APPICON_NAME = AppIcon;
				ASSETCATALOG_COMPILER_GLOBAL_ACCENT_COLOR_NAME = AccentColor;
				CODE_SIGN_STYLE = Automatic;
				INFOPLIST_FILE = DelegateExample/Info.plist;
				LD_RUNPATH_SEARCH_PATHS = (
					"$(inherited)",
					"@executable_path/Frameworks",
				);
				PRODUCT_BUNDLE_IDENTIFIER = "Nadav-Avnon.DelegateExample";
				PRODUCT_NAME = "$(TARGET_NAME)";
				SWIFT_VERSION = 5.0;
				TARGETED_DEVICE_FAMILY = "1,2";
			};
			name = Debug;
		};
		06FF1D5A25F4F92700E07C58 /* Release */ = {
			isa = XCBuildConfiguration;
			buildSettings = {
				ASSETCATALOG_COMPILER_APPICON_NAME = AppIcon;
				ASSETCATALOG_COMPILER_GLOBAL_ACCENT_COLOR_NAME = AccentColor;
				CODE_SIGN_STYLE = Automatic;
				INFOPLIST_FILE = DelegateExample/Info.plist;
				LD_RUNPATH_SEARCH_PATHS = (
					"$(inherited)",
					"@executable_path/Frameworks",
				);
				PRODUCT_BUNDLE_IDENTIFIER = "Nadav-Avnon.DelegateExample";
				PRODUCT_NAME = "$(TARGET_NAME)";
				SWIFT_VERSION = 5.0;
				TARGETED_DEVICE_FAMILY = "1,2";
			};
			name = Release;
		};
		06FF1D5C25F4F92700E07C58 /* Debug */ = {
			isa = XCBuildConfiguration;
			buildSettings = {
				ALWAYS_EMBED_SWIFT_STANDARD_LIBRARIES = YES;
				BUNDLE_LOADER = "$(TEST_HOST)";
				CODE_SIGN_STYLE = Automatic;
				INFOPLIST_FILE = DelegateExampleTests/Info.plist;
				IPHONEOS_DEPLOYMENT_TARGET = 14.3;
				LD_RUNPATH_SEARCH_PATHS = (
					"$(inherited)",
					"@executable_path/Frameworks",
					"@loader_path/Frameworks",
				);
				PRODUCT_BUNDLE_IDENTIFIER = "Nadav-Avnon.DelegateExampleTests";
				PRODUCT_NAME = "$(TARGET_NAME)";
				SWIFT_VERSION = 5.0;
				TARGETED_DEVICE_FAMILY = "1,2";
				TEST_HOST = "$(BUILT_PRODUCTS_DIR)/DelegateExample.app/DelegateExample";
			};
			name = Debug;
		};
		06FF1D5D25F4F92700E07C58 /* Release */ = {
			isa = XCBuildConfiguration;
			buildSettings = {
				ALWAYS_EMBED_SWIFT_STANDARD_LIBRARIES = YES;
				BUNDLE_LOADER = "$(TEST_HOST)";
				CODE_SIGN_STYLE = Automatic;
				INFOPLIST_FILE = DelegateExampleTests/Info.plist;
				IPHONEOS_DEPLOYMENT_TARGET = 14.3;
				LD_RUNPATH_SEARCH_PATHS = (
					"$(inherited)",
					"@executable_path/Frameworks",
					"@loader_path/Frameworks",
				);
				PRODUCT_BUNDLE_IDENTIFIER = "Nadav-Avnon.DelegateExampleTests";
				PRODUCT_NAME = "$(TARGET_NAME)";
				SWIFT_VERSION = 5.0;
				TARGETED_DEVICE_FAMILY = "1,2";
				TEST_HOST = "$(BUILT_PRODUCTS_DIR)/DelegateExample.app/DelegateExample";
			};
			name = Release;
		};
		06FF1D5F25F4F92700E07C58 /* Debug */ = {
			isa = XCBuildConfiguration;
			buildSettings = {
				ALWAYS_EMBED_SWIFT_STANDARD_LIBRARIES = YES;
				CODE_SIGN_STYLE = Automatic;
				INFOPLIST_FILE = DelegateExampleUITests/Info.plist;
				LD_RUNPATH_SEARCH_PATHS = (
					"$(inherited)",
					"@executable_path/Frameworks",
					"@loader_path/Frameworks",
				);
				PRODUCT_BUNDLE_IDENTIFIER = "Nadav-Avnon.DelegateExampleUITests";
				PRODUCT_NAME = "$(TARGET_NAME)";
				SWIFT_VERSION = 5.0;
				TARGETED_DEVICE_FAMILY = "1,2";
				TEST_TARGET_NAME = DelegateExample;
			};
			name = Debug;
		};
		06FF1D6025F4F92700E07C58 /* Release */ = {
			isa = XCBuildConfiguration;
			buildSettings = {
				ALWAYS_EMBED_SWIFT_STANDARD_LIBRARIES = YES;
				CODE_SIGN_STYLE = Automatic;
				INFOPLIST_FILE = DelegateExampleUITests/Info.plist;
				LD_RUNPATH_SEARCH_PATHS = (
					"$(inherited)",
					"@executable_path/Frameworks",
					"@loader_path/Frameworks",
				);
				PRODUCT_BUNDLE_IDENTIFIER = "Nadav-Avnon.DelegateExampleUITests";
				PRODUCT_NAME = "$(TARGET_NAME)";
				SWIFT_VERSION = 5.0;
				TARGETED_DEVICE_FAMILY = "1,2";
				TEST_TARGET_NAME = DelegateExample;
			};
			name = Release;
		};
/* End XCBuildConfiguration section */

/* Begin XCConfigurationList section */
		06FF1D2625F4F92400E07C58 /* Build configuration list for PBXProject "DelegateExample" */ = {
			isa = XCConfigurationList;
			buildConfigurations = (
				06FF1D5625F4F92700E07C58 /* Debug */,
				06FF1D5725F4F92700E07C58 /* Release */,
			);
			defaultConfigurationIsVisible = 0;
			defaultConfigurationName = Release;
		};
		06FF1D5825F4F92700E07C58 /* Build configuration list for PBXNativeTarget "DelegateExample" */ = {
			isa = XCConfigurationList;
			buildConfigurations = (
				06FF1D5925F4F92700E07C58 /* Debug */,
				06FF1D5A25F4F92700E07C58 /* Release */,
			);
			defaultConfigurationIsVisible = 0;
			defaultConfigurationName = Release;
		};
		06FF1D5B25F4F92700E07C58 /* Build configuration list for PBXNativeTarget "DelegateExampleTests" */ = {
			isa = XCConfigurationList;
			buildConfigurations = (
				06FF1D5C25F4F92700E07C58 /* Debug */,
				06FF1D5D25F4F92700E07C58 /* Release */,
			);
			defaultConfigurationIsVisible = 0;
			defaultConfigurationName = Release;
		};
		06FF1D5E25F4F92700E07C58 /* Build configuration list for PBXNativeTarget "DelegateExampleUITests" */ = {
			isa = XCConfigurationList;
			buildConfigurations = (
				06FF1D5F25F4F92700E07C58 /* Debug */,
				06FF1D6025F4F92700E07C58 /* Release */,
			);
			defaultConfigurationIsVisible = 0;
			defaultConfigurationName = Release;
		};
/* End XCConfigurationList section */

/* Begin XCVersionGroup section */
		06FF1D3725F4F92400E07C58 /* DelegateExample.xcdatamodeld */ = {
			isa = XCVersionGroup;
			children = (
				06FF1D3825F4F92400E07C58 /* DelegateExample.xcdatamodel */,
			);
			currentVersion = 06FF1D3825F4F92400E07C58 /* DelegateExample.xcdatamodel */;
			path = DelegateExample.xcdatamodeld;
			sourceTree = "<group>";
			versionGroupType = wrapper.xcdatamodel;
		};
/* End XCVersionGroup section */
	};
	rootObject = 06FF1D2325F4F92400E07C58 /* Project object */;
}
